{
  "name": "js-socketio-node-uws",
  "version": "1.0.0",
  "lockfileVersion": 3,
  "requires": true,
  "packages": {
    "": {
      "name": "js-socketio-node-uws",
      "version": "1.0.0",
      "license": "ISC",
      "dependencies": {
        "uWebSockets.js": "github:uNetworking/uWebSockets.js#v20.30.0"
      }
    },
    "node_modules/uWebSockets.js": {
      "version": "20.30.0",
      "resolved": "git+ssh://git@github.com/uNetworking/uWebSockets.js.git#d39d4181daf5b670d44cbc1b18f8c28c85fd4142"
    }
  }
}
